{
  "name": "@frameable/emojisearch",
  "version": "1.0.3",
  "lockfileVersion": 3,
  "requires": true,
  "packages": {
    "": {
      "name": "@frameable/emojisearch",
      "version": "1.0.3",
      "license": "MIT",
      "dependencies": {
        "emojilib": "3.0.7"
      }
    },
    "node_modules/emojilib": {
      "version": "3.0.7",
      "resolved": "https://registry.npmjs.org/emojilib/-/emojilib-3.0.7.tgz",
      "integrity": "sha512-8WkrBgnqeRS0pdgx3+vh3hkmb6jnxYHOyTy5xrYgFoovm7Cp2ufAiw/yvq9D53vQp8a80i6c0Hbm82Q61yx1RA=="
    }
  }
}
